// !$*UTF8*$!
{
	archiveVersion = 1;
	classes = {
	};
	objectVersion = 56;
	objects = {

/* Begin PBXBuildFile section */
		7B021A812AB3337E00A8A25B /* LandmarkDetail.swift in Sources */ = {isa = PBXBuildFile; fileRef = 7B021A802AB3337E00A8A25B /* LandmarkDetail.swift */; };
		7B2313F92AC1D3BE00019F77 /* BadgeSymbol.swift in Sources */ = {isa = PBXBuildFile; fileRef = 7B2313F82AC1D3BE00019F77 /* BadgeSymbol.swift */; };
		7B2313FB2AC1DE3B00019F77 /* RotatedBadgeSymbol.swift in Sources */ = {isa = PBXBuildFile; fileRef = 7B2313FA2AC1DE3B00019F77 /* RotatedBadgeSymbol.swift */; };
		7B452DA22AAF37E100CA891C /* MapView.swift in Sources */ = {isa = PBXBuildFile; fileRef = 7B452DA12AAF37E100CA891C /* MapView.swift */; };
		7B59EE522ABC7DBE00475D16 /* FavoriteButton.swift in Sources */ = {isa = PBXBuildFile; fileRef = 7B59EE512ABC7DBE00475D16 /* FavoriteButton.swift */; };
		7B59EE562ABC868400475D16 /* HexagonParameters.swift in Sources */ = {isa = PBXBuildFile; fileRef = 7B59EE552ABC868400475D16 /* HexagonParameters.swift */; };
		7B59EE582ABC87EF00475D16 /* BadgeBackground.swift in Sources */ = {isa = PBXBuildFile; fileRef = 7B59EE572ABC87EF00475D16 /* BadgeBackground.swift */; };
		7B86E2122AB1EC0B0043D6F8 /* LandmarkList.swift in Sources */ = {isa = PBXBuildFile; fileRef = 7B86E2112AB1EC0B0043D6F8 /* LandmarkList.swift */; };
		7BC17C642AC3253E0099FF83 /* Badge.swift in Sources */ = {isa = PBXBuildFile; fileRef = 7BC17C632AC3253E0099FF83 /* Badge.swift */; };
		7BC8918A2AADB08500146A0B /* CircleImage.swift in Sources */ = {isa = PBXBuildFile; fileRef = 7BC891892AADB08500146A0B /* CircleImage.swift */; };
		7BE6F7632AB07FE0007D52A6 /* landmarkData.json in Resources */ = {isa = PBXBuildFile; fileRef = 7BE6F7622AB07FE0007D52A6 /* landmarkData.json */; };
		7BE6F7652AB08091007D52A6 /* Landmark.swift in Sources */ = {isa = PBXBuildFile; fileRef = 7BE6F7642AB08091007D52A6 /* Landmark.swift */; };
		7BE6F7672AB088C0007D52A6 /* ModelData.swift in Sources */ = {isa = PBXBuildFile; fileRef = 7BE6F7662AB088C0007D52A6 /* ModelData.swift */; };
		7BE6F76C2AB09335007D52A6 /* LandmarkRow.swift in Sources */ = {isa = PBXBuildFile; fileRef = 7BE6F76B2AB09335007D52A6 /* LandmarkRow.swift */; };
		7BF1C13E2AACD2FB006A81E5 /* LandmarksApp.swift in Sources */ = {isa = PBXBuildFile; fileRef = 7BF1C13D2AACD2FB006A81E5 /* LandmarksApp.swift */; };
		7BF1C1402AACD2FB006A81E5 /* ContentView.swift in Sources */ = {isa = PBXBuildFile; fileRef = 7BF1C13F2AACD2FB006A81E5 /* ContentView.swift */; };
		7BF1C1422AACD2FC006A81E5 /* Assets.xcassets in Resources */ = {isa = PBXBuildFile; fileRef = 7BF1C1412AACD2FC006A81E5 /* Assets.xcassets */; };
		7BF1C1452AACD2FC006A81E5 /* Preview Assets.xcassets in Resources */ = {isa = PBXBuildFile; fileRef = 7BF1C1442AACD2FC006A81E5 /* Preview Assets.xcassets */; };
		7BF1C14F2AACD2FC006A81E5 /* LandmarksTests.swift in Sources */ = {isa = PBXBuildFile; fileRef = 7BF1C14E2AACD2FC006A81E5 /* LandmarksTests.swift */; };
		7BF1C1592AACD2FC006A81E5 /* LandmarksUITests.swift in Sources */ = {isa = PBXBuildFile; fileRef = 7BF1C1582AACD2FC006A81E5 /* LandmarksUITests.swift */; };
		7BF1C15B2AACD2FC006A81E5 /* LandmarksUITestsLaunchTests.swift in Sources */ = {isa = PBXBuildFile; fileRef = 7BF1C15A2AACD2FC006A81E5 /* LandmarksUITestsLaunchTests.swift */; };
/* End PBXBuildFile section */

/* Begin PBXContainerItemProxy section */
		7BF1C14B2AACD2FC006A81E5 /* PBXContainerItemProxy */ = {
			isa = PBXContainerItemProxy;
			containerPortal = 7BF1C1322AACD2FB006A81E5 /* Project object */;
			proxyType = 1;
			remoteGlobalIDString = 7BF1C1392AACD2FB006A81E5;
			remoteInfo = Landmarks;
		};
		7BF1C1552AACD2FC006A81E5 /* PBXContainerItemProxy */ = {
			isa = PBXContainerItemProxy;
			containerPortal = 7BF1C1322AACD2FB006A81E5 /* Project object */;
			proxyType = 1;
			remoteGlobalIDString = 7BF1C1392AACD2FB006A81E5;
			remoteInfo = Landmarks;
		};
/* End PBXContainerItemProxy section */

/* Begin PBXFileReference section */
		7B021A802AB3337E00A8A25B /* LandmarkDetail.swift */ = {isa = PBXFileReference; lastKnownFileType = sourcecode.swift; path = LandmarkDetail.swift; sourceTree = "<group>"; };
		7B2313F82AC1D3BE00019F77 /* BadgeSymbol.swift */ = {isa = PBXFileReference; lastKnownFileType = sourcecode.swift; path = BadgeSymbol.swift; sourceTree = "<group>"; };
		7B2313FA2AC1DE3B00019F77 /* RotatedBadgeSymbol.swift */ = {isa = PBXFileReference; lastKnownFileType = sourcecode.swift; path = RotatedBadgeSymbol.swift; sourceTree = "<group>"; };
		7B452DA12AAF37E100CA891C /* MapView.swift */ = {isa = PBXFileReference; lastKnownFileType = sourcecode.swift; path = MapView.swift; sourceTree = "<group>"; };
		7B59EE512ABC7DBE00475D16 /* FavoriteButton.swift */ = {isa = PBXFileReference; lastKnownFileType = sourcecode.swift; path = FavoriteButton.swift; sourceTree = "<group>"; };
		7B59EE552ABC868400475D16 /* HexagonParameters.swift */ = {isa = PBXFileReference; lastKnownFileType = sourcecode.swift; path = HexagonParameters.swift; sourceTree = "<group>"; };
		7B59EE572ABC87EF00475D16 /* BadgeBackground.swift */ = {isa = PBXFileReference; lastKnownFileType = sourcecode.swift; path = BadgeBackground.swift; sourceTree = "<group>"; };
		7B86E2112AB1EC0B0043D6F8 /* LandmarkList.swift */ = {isa = PBXFileReference; lastKnownFileType = sourcecode.swift; path = LandmarkList.swift; sourceTree = "<group>"; };
		7BC17C632AC3253E0099FF83 /* Badge.swift */ = {isa = PBXFileReference; lastKnownFileType = sourcecode.swift; path = Badge.swift; sourceTree = "<group>"; };
		7BC891892AADB08500146A0B /* CircleImage.swift */ = {isa = PBXFileReference; lastKnownFileType = sourcecode.swift; path = CircleImage.swift; sourceTree = "<group>"; };
		7BE6F7622AB07FE0007D52A6 /* landmarkData.json */ = {isa = PBXFileReference; fileEncoding = 4; lastKnownFileType = text.json; path = landmarkData.json; sourceTree = "<group>"; };
		7BE6F7642AB08091007D52A6 /* Landmark.swift */ = {isa = PBXFileReference; lastKnownFileType = sourcecode.swift; path = Landmark.swift; sourceTree = "<group>"; };
		7BE6F7662AB088C0007D52A6 /* ModelData.swift */ = {isa = PBXFileReference; lastKnownFileType = sourcecode.swift; path = ModelData.swift; sourceTree = "<group>"; };
		7BE6F76B2AB09335007D52A6 /* LandmarkRow.swift */ = {isa = PBXFileReference; lastKnownFileType = sourcecode.swift; path = LandmarkRow.swift; sourceTree = "<group>"; };
		7BF1C13A2AACD2FB006A81E5 /* Landmarks.app */ = {isa = PBXFileReference; explicitFileType = wrapper.application; includeInIndex = 0; path = Landmarks.app; sourceTree = BUILT_PRODUCTS_DIR; };
		7BF1C13D2AACD2FB006A81E5 /* LandmarksApp.swift */ = {isa = PBXFileReference; lastKnownFileType = sourcecode.swift; path = LandmarksApp.swift; sourceTree = "<group>"; };
		7BF1C13F2AACD2FB006A81E5 /* ContentView.swift */ = {isa = PBXFileReference; lastKnownFileType = sourcecode.swift; path = ContentView.swift; sourceTree = "<group>"; };
		7BF1C1412AACD2FC006A81E5 /* Assets.xcassets */ = {isa = PBXFileReference; lastKnownFileType = folder.assetcatalog; path = Assets.xcassets; sourceTree = "<group>"; };
		7BF1C1442AACD2FC006A81E5 /* Preview Assets.xcassets */ = {isa = PBXFileReference; lastKnownFileType = folder.assetcatalog; path = "Preview Assets.xcassets"; sourceTree = "<group>"; };
		7BF1C14A2AACD2FC006A81E5 /* LandmarksTests.xctest */ = {isa = PBXFileReference; explicitFileType = wrapper.cfbundle; includeInIndex = 0; path = LandmarksTests.xctest; sourceTree = BUILT_PRODUCTS_DIR; };
		7BF1C14E2AACD2FC006A81E5 /* LandmarksTests.swift */ = {isa = PBXFileReference; lastKnownFileType = sourcecode.swift; path = LandmarksTests.swift; sourceTree = "<group>"; };
		7BF1C1542AACD2FC006A81E5 /* LandmarksUITests.xctest */ = {isa = PBXFileReference; explicitFileType = wrapper.cfbundle; includeInIndex = 0; path = LandmarksUITests.xctest; sourceTree = BUILT_PRODUCTS_DIR; };
		7BF1C1582AACD2FC006A81E5 /* LandmarksUITests.swift */ = {isa = PBXFileReference; lastKnownFileType = sourcecode.swift; path = LandmarksUITests.swift; sourceTree = "<group>"; };
		7BF1C15A2AACD2FC006A81E5 /* LandmarksUITestsLaunchTests.swift */ = {isa = PBXFileReference; lastKnownFileType = sourcecode.swift; path = LandmarksUITestsLaunchTests.swift; sourceTree = "<group>"; };
/* End PBXFileReference section */

/* Begin PBXFrameworksBuildPhase section */
		7BF1C1372AACD2FB006A81E5 /* Frameworks */ = {
			isa = PBXFrameworksBuildPhase;
			buildActionMask = 2147483647;
			files = (
			);
			runOnlyForDeploymentPostprocessing = 0;
		};
		7BF1C1472AACD2FC006A81E5 /* Frameworks */ = {
			isa = PBXFrameworksBuildPhase;
			buildActionMask = 2147483647;
			files = (
			);
			runOnlyForDeploymentPostprocessing = 0;
		};
		7BF1C1512AACD2FC006A81E5 /* Frameworks */ = {
			isa = PBXFrameworksBuildPhase;
			buildActionMask = 2147483647;
			files = (
			);
			runOnlyForDeploymentPostprocessing = 0;
		};
/* End PBXFrameworksBuildPhase section */

/* Begin PBXGroup section */
		7B59EE532ABC816800475D16 /* Landmarks */ = {
			isa = PBXGroup;
			children = (
				7B021A802AB3337E00A8A25B /* LandmarkDetail.swift */,
				7BE6F76B2AB09335007D52A6 /* LandmarkRow.swift */,
				7B86E2112AB1EC0B0043D6F8 /* LandmarkList.swift */,
			);
			path = Landmarks;
			sourceTree = "<group>";
		};
		7B59EE542ABC819100475D16 /* Helpers */ = {
			isa = PBXGroup;
			children = (
				7B59EE512ABC7DBE00475D16 /* FavoriteButton.swift */,
				7B452DA12AAF37E100CA891C /* MapView.swift */,
				7BC891892AADB08500146A0B /* CircleImage.swift */,
			);
			path = Helpers;
			sourceTree = "<group>";
		};
		7BC17C652AC32A9B0099FF83 /* Badges */ = {
			isa = PBXGroup;
			children = (
				7BC17C632AC3253E0099FF83 /* Badge.swift */,
				7B59EE572ABC87EF00475D16 /* BadgeBackground.swift */,
				7B2313F82AC1D3BE00019F77 /* BadgeSymbol.swift */,
				7B59EE552ABC868400475D16 /* HexagonParameters.swift */,
				7B2313FA2AC1DE3B00019F77 /* RotatedBadgeSymbol.swift */,
			);
			path = Badges;
			sourceTree = "<group>";
		};
		7BE6F7682AB08FF0007D52A6 /* Views */ = {
			isa = PBXGroup;
			children = (
				7BF1C13F2AACD2FB006A81E5 /* ContentView.swift */,
				7BC17C652AC32A9B0099FF83 /* Badges */,
				7B59EE532ABC816800475D16 /* Landmarks */,
				7B59EE542ABC819100475D16 /* Helpers */,
			);
			path = Views;
			sourceTree = "<group>";
		};
		7BE6F7692AB09002007D52A6 /* Model */ = {
			isa = PBXGroup;
			children = (
				7BE6F7642AB08091007D52A6 /* Landmark.swift */,
				7BE6F7662AB088C0007D52A6 /* ModelData.swift */,
			);
			path = Model;
			sourceTree = "<group>";
		};
		7BE6F76A2AB09014007D52A6 /* Resources */ = {
			isa = PBXGroup;
			children = (
				7BE6F7622AB07FE0007D52A6 /* landmarkData.json */,
			);
			path = Resources;
			sourceTree = "<group>";
		};
		7BF1C1312AACD2FB006A81E5 = {
			isa = PBXGroup;
			children = (
				7BF1C13C2AACD2FB006A81E5 /* Landmarks */,
				7BF1C14D2AACD2FC006A81E5 /* LandmarksTests */,
				7BF1C1572AACD2FC006A81E5 /* LandmarksUITests */,
				7BF1C13B2AACD2FB006A81E5 /* Products */,
			);
			sourceTree = "<group>";
		};
		7BF1C13B2AACD2FB006A81E5 /* Products */ = {
			isa = PBXGroup;
			children = (
				7BF1C13A2AACD2FB006A81E5 /* Landmarks.app */,
				7BF1C14A2AACD2FC006A81E5 /* LandmarksTests.xctest */,
				7BF1C1542AACD2FC006A81E5 /* LandmarksUITests.xctest */,
			);
			name = Products;
			sourceTree = "<group>";
		};
		7BF1C13C2AACD2FB006A81E5 /* Landmarks */ = {
			isa = PBXGroup;
			children = (
				7BF1C13D2AACD2FB006A81E5 /* LandmarksApp.swift */,
				7BE6F7682AB08FF0007D52A6 /* Views */,
				7BE6F7692AB09002007D52A6 /* Model */,
				7BE6F76A2AB09014007D52A6 /* Resources */,
				7BF1C1412AACD2FC006A81E5 /* Assets.xcassets */,
				7BF1C1432AACD2FC006A81E5 /* Preview Content */,
			);
			path = Landmarks;
			sourceTree = "<group>";
		};
		7BF1C1432AACD2FC006A81E5 /* Preview Content */ = {
			isa = PBXGroup;
			children = (
				7BF1C1442AACD2FC006A81E5 /* Preview Assets.xcassets */,
			);
			path = "Preview Content";
			sourceTree = "<group>";
		};
		7BF1C14D2AACD2FC006A81E5 /* LandmarksTests */ = {
			isa = PBXGroup;
			children = (
				7BF1C14E2AACD2FC006A81E5 /* LandmarksTests.swift */,
			);
			path = LandmarksTests;
			sourceTree = "<group>";
		};
		7BF1C1572AACD2FC006A81E5 /* LandmarksUITests */ = {
			isa = PBXGroup;
			children = (
				7BF1C1582AACD2FC006A81E5 /* LandmarksUITests.swift */,
				7BF1C15A2AACD2FC006A81E5 /* LandmarksUITestsLaunchTests.swift */,
			);
			path = LandmarksUITests;
			sourceTree = "<group>";
		};
/* End PBXGroup section */

/* Begin PBXNativeTarget section */
		7BF1C1392AACD2FB006A81E5 /* Landmarks */ = {
			isa = PBXNativeTarget;
			buildConfigurationList = 7BF1C15E2AACD2FC006A81E5 /* Build configuration list for PBXNativeTarget "Landmarks" */;
			buildPhases = (
				7BF1C1362AACD2FB006A81E5 /* Sources */,
				7BF1C1372AACD2FB006A81E5 /* Frameworks */,
				7BF1C1382AACD2FB006A81E5 /* Resources */,
			);
			buildRules = (
			);
			dependencies = (
			);
			name = Landmarks;
			productName = Landmarks;
			productReference = 7BF1C13A2AACD2FB006A81E5 /* Landmarks.app */;
			productType = "com.apple.product-type.application";
		};
		7BF1C1492AACD2FC006A81E5 /* LandmarksTests */ = {
			isa = PBXNativeTarget;
			buildConfigurationList = 7BF1C1612AACD2FC006A81E5 /* Build configuration list for PBXNativeTarget "LandmarksTests" */;
			buildPhases = (
				7BF1C1462AACD2FC006A81E5 /* Sources */,
				7BF1C1472AACD2FC006A81E5 /* Frameworks */,
				7BF1C1482AACD2FC006A81E5 /* Resources */,
			);
			buildRules = (
			);
			dependencies = (
				7BF1C14C2AACD2FC006A81E5 /* PBXTargetDependency */,
			);
			name = LandmarksTests;
			productName = LandmarksTests;
			productReference = 7BF1C14A2AACD2FC006A81E5 /* LandmarksTests.xctest */;
			productType = "com.apple.product-type.bundle.unit-test";
		};
		7BF1C1532AACD2FC006A81E5 /* LandmarksUITests */ = {
			isa = PBXNativeTarget;
			buildConfigurationList = 7BF1C1642AACD2FC006A81E5 /* Build configuration list for PBXNativeTarget "LandmarksUITests" */;
			buildPhases = (
				7BF1C1502AACD2FC006A81E5 /* Sources */,
				7BF1C1512AACD2FC006A81E5 /* Frameworks */,
				7BF1C1522AACD2FC006A81E5 /* Resources */,
			);
			buildRules = (
			);
			dependencies = (
				7BF1C1562AACD2FC006A81E5 /* PBXTargetDependency */,
			);
			name = LandmarksUITests;
			productName = LandmarksUITests;
			productReference = 7BF1C1542AACD2FC006A81E5 /* LandmarksUITests.xctest */;
			productType = "com.apple.product-type.bundle.ui-testing";
		};
/* End PBXNativeTarget section */

/* Begin PBXProject section */
		7BF1C1322AACD2FB006A81E5 /* Project object */ = {
			isa = PBXProject;
			attributes = {
				BuildIndependentTargetsInParallel = 1;
				LastSwiftUpdateCheck = 1430;
				LastUpgradeCheck = 1430;
				TargetAttributes = {
					7BF1C1392AACD2FB006A81E5 = {
						CreatedOnToolsVersion = 14.3.1;
					};
					7BF1C1492AACD2FC006A81E5 = {
						CreatedOnToolsVersion = 14.3.1;
						TestTargetID = 7BF1C1392AACD2FB006A81E5;
					};
					7BF1C1532AACD2FC006A81E5 = {
						CreatedOnToolsVersion = 14.3.1;
						TestTargetID = 7BF1C1392AACD2FB006A81E5;
					};
				};
			};
			buildConfigurationList = 7BF1C1352AACD2FB006A81E5 /* Build configuration list for PBXProject "Landmarks" */;
			compatibilityVersion = "Xcode 14.0";
			developmentRegion = en;
			hasScannedForEncodings = 0;
			knownRegions = (
				en,
				Base,
			);
			mainGroup = 7BF1C1312AACD2FB006A81E5;
			productRefGroup = 7BF1C13B2AACD2FB006A81E5 /* Products */;
			projectDirPath = "";
			projectRoot = "";
			targets = (
				7BF1C1392AACD2FB006A81E5 /* Landmarks */,
				7BF1C1492AACD2FC006A81E5 /* LandmarksTests */,
				7BF1C1532AACD2FC006A81E5 /* LandmarksUITests */,
			);
		};
/* End PBXProject section */

/* Begin PBXResourcesBuildPhase section */
		7BF1C1382AACD2FB006A81E5 /* Resources */ = {
			isa = PBXResourcesBuildPhase;
			buildActionMask = 2147483647;
			files = (
				7BF1C1452AACD2FC006A81E5 /* Preview Assets.xcassets in Resources */,
				7BF1C1422AACD2FC006A81E5 /* Assets.xcassets in Resources */,
				7BE6F7632AB07FE0007D52A6 /* landmarkData.json in Resources */,
			);
			runOnlyForDeploymentPostprocessing = 0;
		};
		7BF1C1482AACD2FC006A81E5 /* Resources */ = {
			isa = PBXResourcesBuildPhase;
			buildActionMask = 2147483647;
			files = (
			);
			runOnlyForDeploymentPostprocessing = 0;
		};
		7BF1C1522AACD2FC006A81E5 /* Resources */ = {
			isa = PBXResourcesBuildPhase;
			buildActionMask = 2147483647;
			files = (
			);
			runOnlyForDeploymentPostprocessing = 0;
		};
/* End PBXResourcesBuildPhase section */

/* Begin PBXSourcesBuildPhase section */
		7BF1C1362AACD2FB006A81E5 /* Sources */ = {
			isa = PBXSourcesBuildPhase;
			buildActionMask = 2147483647;
			files = (
				7BF1C1402AACD2FB006A81E5 /* ContentView.swift in Sources */,
				7BC17C642AC3253E0099FF83 /* Badge.swift in Sources */,
				7B452DA22AAF37E100CA891C /* MapView.swift in Sources */,
				7BF1C13E2AACD2FB006A81E5 /* LandmarksApp.swift in Sources */,
				7B59EE522ABC7DBE00475D16 /* FavoriteButton.swift in Sources */,
				7B59EE562ABC868400475D16 /* HexagonParameters.swift in Sources */,
				7B2313FB2AC1DE3B00019F77 /* RotatedBadgeSymbol.swift in Sources */,
				7B2313F92AC1D3BE00019F77 /* BadgeSymbol.swift in Sources */,
				7B86E2122AB1EC0B0043D6F8 /* LandmarkList.swift in Sources */,
				7B021A812AB3337E00A8A25B /* LandmarkDetail.swift in Sources */,
				7B59EE582ABC87EF00475D16 /* BadgeBackground.swift in Sources */,
				7BC8918A2AADB08500146A0B /* CircleImage.swift in Sources */,
				7BE6F7652AB08091007D52A6 /* Landmark.swift in Sources */,
				7BE6F76C2AB09335007D52A6 /* LandmarkRow.swift in Sources */,
				7BE6F7672AB088C0007D52A6 /* ModelData.swift in Sources */,
			);
			runOnlyForDeploymentPostprocessing = 0;
		};
		7BF1C1462AACD2FC006A81E5 /* Sources */ = {
			isa = PBXSourcesBuildPhase;
			buildActionMask = 2147483647;
			files = (
				7BF1C14F2AACD2FC006A81E5 /* LandmarksTests.swift in Sources */,
			);
			runOnlyForDeploymentPostprocessing = 0;
		};
		7BF1C1502AACD2FC006A81E5 /* Sources */ = {
			isa = PBXSourcesBuildPhase;
			buildActionMask = 2147483647;
			files = (
				7BF1C15B2AACD2FC006A81E5 /* LandmarksUITestsLaunchTests.swift in Sources */,
				7BF1C1592AACD2FC006A81E5 /* LandmarksUITests.swift in Sources */,
			);
			runOnlyForDeploymentPostprocessing = 0;
		};
/* End PBXSourcesBuildPhase section */

/* Begin PBXTargetDependency section */
		7BF1C14C2AACD2FC006A81E5 /* PBXTargetDependency */ = {
			isa = PBXTargetDependency;
			target = 7BF1C1392AACD2FB006A81E5 /* Landmarks */;
			targetProxy = 7BF1C14B2AACD2FC006A81E5 /* PBXContainerItemProxy */;
		};
		7BF1C1562AACD2FC006A81E5 /* PBXTargetDependency */ = {
			isa = PBXTargetDependency;
			target = 7BF1C1392AACD2FB006A81E5 /* Landmarks */;
			targetProxy = 7BF1C1552AACD2FC006A81E5 /* PBXContainerItemProxy */;
		};
/* End PBXTargetDependency section */

/* Begin XCBuildConfiguration section */
		7BF1C15C2AACD2FC006A81E5 /* Debug */ = {
			isa = XCBuildConfiguration;
			buildSettings = {
				ALWAYS_SEARCH_USER_PATHS = NO;
				CLANG_ANALYZER_NONNULL = YES;
				CLANG_ANALYZER_NUMBER_OBJECT_CONVERSION = YES_AGGRESSIVE;
				CLANG_CXX_LANGUAGE_STANDARD = "gnu++20";
				CLANG_ENABLE_MODULES = YES;
				CLANG_ENABLE_OBJC_ARC = YES;
				CLANG_ENABLE_OBJC_WEAK = YES;
				CLANG_WARN_BLOCK_CAPTURE_AUTORELEASING = YES;
				CLANG_WARN_BOOL_CONVERSION = YES;
				CLANG_WARN_COMMA = YES;
				CLANG_WARN_CONSTANT_CONVERSION = YES;
				CLANG_WARN_DEPRECATED_OBJC_IMPLEMENTATIONS = YES;
				CLANG_WARN_DIRECT_OBJC_ISA_USAGE = YES_ERROR;
				CLANG_WARN_DOCUMENTATION_COMMENTS = YES;
				CLANG_WARN_EMPTY_BODY = YES;
				CLANG_WARN_ENUM_CONVERSION = YES;
				CLANG_WARN_INFINITE_RECURSION = YES;
				CLANG_WARN_INT_CONVERSION = YES;
				CLANG_WARN_NON_LITERAL_NULL_CONVERSION = YES;
				CLANG_WARN_OBJC_IMPLICIT_RETAIN_SELF = YES;
				CLANG_WARN_OBJC_LITERAL_CONVERSION = YES;
				CLANG_WARN_OBJC_ROOT_CLASS = YES_ERROR;
				CLANG_WARN_QUOTED_INCLUDE_IN_FRAMEWORK_HEADER = YES;
				CLANG_WARN_RANGE_LOOP_ANALYSIS = YES;
				CLANG_WARN_STRICT_PROTOTYPES = YES;
				CLANG_WARN_SUSPICIOUS_MOVE = YES;
				CLANG_WARN_UNGUARDED_AVAILABILITY = YES_AGGRESSIVE;
				CLANG_WARN_UNREACHABLE_CODE = YES;
				CLANG_WARN__DUPLICATE_METHOD_MATCH = YES;
				COPY_PHASE_STRIP = NO;
				DEBUG_INFORMATION_FORMAT = dwarf;
				ENABLE_STRICT_OBJC_MSGSEND = YES;
				ENABLE_TESTABILITY = YES;
				GCC_C_LANGUAGE_STANDARD = gnu11;
				GCC_DYNAMIC_NO_PIC = NO;
				GCC_NO_COMMON_BLOCKS = YES;
				GCC_OPTIMIZATION_LEVEL = 0;
				GCC_PREPROCESSOR_DEFINITIONS = (
					"DEBUG=1",
					"$(inherited)",
				);
				GCC_WARN_64_TO_32_BIT_CONVERSION = YES;
				GCC_WARN_ABOUT_RETURN_TYPE = YES_ERROR;
				GCC_WARN_UNDECLARED_SELECTOR = YES;
				GCC_WARN_UNINITIALIZED_AUTOS = YES_AGGRESSIVE;
				GCC_WARN_UNUSED_FUNCTION = YES;
				GCC_WARN_UNUSED_VARIABLE = YES;
				IPHONEOS_DEPLOYMENT_TARGET = 16.4;
				MTL_ENABLE_DEBUG_INFO = INCLUDE_SOURCE;
				MTL_FAST_MATH = YES;
				ONLY_ACTIVE_ARCH = YES;
				SDKROOT = iphoneos;
				SWIFT_ACTIVE_COMPILATION_CONDITIONS = DEBUG;
				SWIFT_OPTIMIZATION_LEVEL = "-Onone";
			};
			name = Debug;
		};
		7BF1C15D2AACD2FC006A81E5 /* Release */ = {
			isa = XCBuildConfiguration;
			buildSettings = {
				ALWAYS_SEARCH_USER_PATHS = NO;
				CLANG_ANALYZER_NONNULL = YES;
				CLANG_ANALYZER_NUMBER_OBJECT_CONVERSION = YES_AGGRESSIVE;
				CLANG_CXX_LANGUAGE_STANDARD = "gnu++20";
				CLANG_ENABLE_MODULES = YES;
				CLANG_ENABLE_OBJC_ARC = YES;
				CLANG_ENABLE_OBJC_WEAK = YES;
				CLANG_WARN_BLOCK_CAPTURE_AUTORELEASING = YES;
				CLANG_WARN_BOOL_CONVERSION = YES;
				CLANG_WARN_COMMA = YES;
				CLANG_WARN_CONSTANT_CONVERSION = YES;
				CLANG_WARN_DEPRECATED_OBJC_IMPLEMENTATIONS = YES;
				CLANG_WARN_DIRECT_OBJC_ISA_USAGE = YES_ERROR;
				CLANG_WARN_DOCUMENTATION_COMMENTS = YES;
				CLANG_WARN_EMPTY_BODY = YES;
				CLANG_WARN_ENUM_CONVERSION = YES;
				CLANG_WARN_INFINITE_RECURSION = YES;
				CLANG_WARN_INT_CONVERSION = YES;
				CLANG_WARN_NON_LITERAL_NULL_CONVERSION = YES;
				CLANG_WARN_OBJC_IMPLICIT_RETAIN_SELF = YES;
				CLANG_WARN_OBJC_LITERAL_CONVERSION = YES;
				CLANG_WARN_OBJC_ROOT_CLASS = YES_ERROR;
				CLANG_WARN_QUOTED_INCLUDE_IN_FRAMEWORK_HEADER = YES;
				CLANG_WARN_RANGE_LOOP_ANALYSIS = YES;
				CLANG_WARN_STRICT_PROTOTYPES = YES;
				CLANG_WARN_SUSPICIOUS_MOVE = YES;
				CLANG_WARN_UNGUARDED_AVAILABILITY = YES_AGGRESSIVE;
				CLANG_WARN_UNREACHABLE_CODE = YES;
				CLANG_WARN__DUPLICATE_METHOD_MATCH = YES;
				COPY_PHASE_STRIP = NO;
				DEBUG_INFORMATION_FORMAT = "dwarf-with-dsym";
				ENABLE_NS_ASSERTIONS = NO;
				ENABLE_STRICT_OBJC_MSGSEND = YES;
				GCC_C_LANGUAGE_STANDARD = gnu11;
				GCC_NO_COMMON_BLOCKS = YES;
				GCC_WARN_64_TO_32_BIT_CONVERSION = YES;
				GCC_WARN_ABOUT_RETURN_TYPE = YES_ERROR;
				GCC_WARN_UNDECLARED_SELECTOR = YES;
				GCC_WARN_UNINITIALIZED_AUTOS = YES_AGGRESSIVE;
				GCC_WARN_UNUSED_FUNCTION = YES;
				GCC_WARN_UNUSED_VARIABLE = YES;
				IPHONEOS_DEPLOYMENT_TARGET = 16.4;
				MTL_ENABLE_DEBUG_INFO = NO;
				MTL_FAST_MATH = YES;
				SDKROOT = iphoneos;
				SWIFT_COMPILATION_MODE = wholemodule;
				SWIFT_OPTIMIZATION_LEVEL = "-O";
				VALIDATE_PRODUCT = YES;
			};
			name = Release;
		};
		7BF1C15F2AACD2FC006A81E5 /* Debug */ = {
			isa = XCBuildConfiguration;
			buildSettings = {
				ASSETCATALOG_COMPILER_APPICON_NAME = AppIcon;
				ASSETCATALOG_COMPILER_GLOBAL_ACCENT_COLOR_NAME = AccentColor;
				CODE_SIGN_STYLE = Automatic;
				CURRENT_PROJECT_VERSION = 1;
				DEVELOPMENT_ASSET_PATHS = "\"Landmarks/Preview Content\"";
				ENABLE_PREVIEWS = YES;
				GENERATE_INFOPLIST_FILE = YES;
				INFOPLIST_KEY_UIApplicationSceneManifest_Generation = YES;
				INFOPLIST_KEY_UIApplicationSupportsIndirectInputEvents = YES;
				INFOPLIST_KEY_UILaunchScreen_Generation = YES;
				INFOPLIST_KEY_UISupportedInterfaceOrientations_iPad = "UIInterfaceOrientationPortrait UIInterfaceOrientationPortraitUpsideDown UIInterfaceOrientationLandscapeLeft UIInterfaceOrientationLandscapeRight";
				INFOPLIST_KEY_UISupportedInterfaceOrientations_iPhone = "UIInterfaceOrientationPortrait UIInterfaceOrientationLandscapeLeft UIInterfaceOrientationLandscapeRight";
				LD_RUNPATH_SEARCH_PATHS = (
					"$(inherited)",
					"@executable_path/Frameworks",
				);
				MARKETING_VERSION = 1.0;
				PRODUCT_BUNDLE_IDENTIFIER = "com.exaple.apple-examplecode.Landmarks";
				PRODUCT_NAME = "$(TARGET_NAME)";
				SWIFT_EMIT_LOC_STRINGS = YES;
				SWIFT_VERSION = 5.0;
				TARGETED_DEVICE_FAMILY = "1,2";
			};
			name = Debug;
		};
		7BF1C1602AACD2FC006A81E5 /* Release */ = {
			isa = XCBuildConfiguration;
			buildSettings = {
				ASSETCATALOG_COMPILER_APPICON_NAME = AppIcon;
				ASSETCATALOG_COMPILER_GLOBAL_ACCENT_COLOR_NAME = AccentColor;
				CODE_SIGN_STYLE = Automatic;
				CURRENT_PROJECT_VERSION = 1;
				DEVELOPMENT_ASSET_PATHS = "\"Landmarks/Preview Content\"";
				ENABLE_PREVIEWS = YES;
				GENERATE_INFOPLIST_FILE = YES;
				INFOPLIST_KEY_UIApplicationSceneManifest_Generation = YES;
				INFOPLIST_KEY_UIApplicationSupportsIndirectInputEvents = YES;
				INFOPLIST_KEY_UILaunchScreen_Generation = YES;
				INFOPLIST_KEY_UISupportedInterfaceOrientations_iPad = "UIInterfaceOrientationPortrait UIInterfaceOrientationPortraitUpsideDown UIInterfaceOrientationLandscapeLeft UIInterfaceOrientationLandscapeRight";
				INFOPLIST_KEY_UISupportedInterfaceOrientations_iPhone = "UIInterfaceOrientationPortrait UIInterfaceOrientationLandscapeLeft UIInterfaceOrientationLandscapeRight";
				LD_RUNPATH_SEARCH_PATHS = (
					"$(inherited)",
					"@executable_path/Frameworks",
				);
				MARKETING_VERSION = 1.0;
				PRODUCT_BUNDLE_IDENTIFIER = "com.exaple.apple-examplecode.Landmarks";
				PRODUCT_NAME = "$(TARGET_NAME)";
				SWIFT_EMIT_LOC_STRINGS = YES;
				SWIFT_VERSION = 5.0;
				TARGETED_DEVICE_FAMILY = "1,2";
			};
			name = Release;
		};
		7BF1C1622AACD2FC006A81E5 /* Debug */ = {
			isa = XCBuildConfiguration;
			buildSettings = {
				ALWAYS_EMBED_SWIFT_STANDARD_LIBRARIES = YES;
				BUNDLE_LOADER = "$(TEST_HOST)";
				CODE_SIGN_STYLE = Automatic;
				CURRENT_PROJECT_VERSION = 1;
				GENERATE_INFOPLIST_FILE = YES;
				IPHONEOS_DEPLOYMENT_TARGET = 16.4;
				MARKETING_VERSION = 1.0;
				PRODUCT_BUNDLE_IDENTIFIER = "com.exaple.apple-examplecode.LandmarksTests";
				PRODUCT_NAME = "$(TARGET_NAME)";
				SWIFT_EMIT_LOC_STRINGS = NO;
				SWIFT_VERSION = 5.0;
				TARGETED_DEVICE_FAMILY = "1,2";
				TEST_HOST = "$(BUILT_PRODUCTS_DIR)/Landmarks.app/$(BUNDLE_EXECUTABLE_FOLDER_PATH)/Landmarks";
			};
			name = Debug;
		};
		7BF1C1632AACD2FC006A81E5 /* Release */ = {
			isa = XCBuildConfiguration;
			buildSettings = {
				ALWAYS_EMBED_SWIFT_STANDARD_LIBRARIES = YES;
				BUNDLE_LOADER = "$(TEST_HOST)";
				CODE_SIGN_STYLE = Automatic;
				CURRENT_PROJECT_VERSION = 1;
				GENERATE_INFOPLIST_FILE = YES;
				IPHONEOS_DEPLOYMENT_TARGET = 16.4;
				MARKETING_VERSION = 1.0;
				PRODUCT_BUNDLE_IDENTIFIER = "com.exaple.apple-examplecode.LandmarksTests";
				PRODUCT_NAME = "$(TARGET_NAME)";
				SWIFT_EMIT_LOC_STRINGS = NO;
				SWIFT_VERSION = 5.0;
				TARGETED_DEVICE_FAMILY = "1,2";
				TEST_HOST = "$(BUILT_PRODUCTS_DIR)/Landmarks.app/$(BUNDLE_EXECUTABLE_FOLDER_PATH)/Landmarks";
			};
			name = Release;
		};
		7BF1C1652AACD2FC006A81E5 /* Debug */ = {
			isa = XCBuildConfiguration;
			buildSettings = {
				ALWAYS_EMBED_SWIFT_STANDARD_LIBRARIES = YES;
				CODE_SIGN_STYLE = Automatic;
				CURRENT_PROJECT_VERSION = 1;
				GENERATE_INFOPLIST_FILE = YES;
				MARKETING_VERSION = 1.0;
				PRODUCT_BUNDLE_IDENTIFIER = "com.exaple.apple-examplecode.LandmarksUITests";
				PRODUCT_NAME = "$(TARGET_NAME)";
				SWIFT_EMIT_LOC_STRINGS = NO;
				SWIFT_VERSION = 5.0;
				TARGETED_DEVICE_FAMILY = "1,2";
				TEST_TARGET_NAME = Landmarks;
			};
			name = Debug;
		};
		7BF1C1662AACD2FC006A81E5 /* Release */ = {
			isa = XCBuildConfiguration;
			buildSettings = {
				ALWAYS_EMBED_SWIFT_STANDARD_LIBRARIES = YES;
				CODE_SIGN_STYLE = Automatic;
				CURRENT_PROJECT_VERSION = 1;
				GENERATE_INFOPLIST_FILE = YES;
				MARKETING_VERSION = 1.0;
				PRODUCT_BUNDLE_IDENTIFIER = "com.exaple.apple-examplecode.LandmarksUITests";
				PRODUCT_NAME = "$(TARGET_NAME)";
				SWIFT_EMIT_LOC_STRINGS = NO;
				SWIFT_VERSION = 5.0;
				TARGETED_DEVICE_FAMILY = "1,2";
				TEST_TARGET_NAME = Landmarks;
			};
			name = Release;
		};
/* End XCBuildConfiguration section */

/* Begin XCConfigurationList section */
		7BF1C1352AACD2FB006A81E5 /* Build configuration list for PBXProject "Landmarks" */ = {
			isa = XCConfigurationList;
			buildConfigurations = (
				7BF1C15C2AACD2FC006A81E5 /* Debug */,
				7BF1C15D2AACD2FC006A81E5 /* Release */,
			);
			defaultConfigurationIsVisible = 0;
			defaultConfigurationName = Release;
		};
		7BF1C15E2AACD2FC006A81E5 /* Build configuration list for PBXNativeTarget "Landmarks" */ = {
			isa = XCConfigurationList;
			buildConfigurations = (
				7BF1C15F2AACD2FC006A81E5 /* Debug */,
				7BF1C1602AACD2FC006A81E5 /* Release */,
			);
			defaultConfigurationIsVisible = 0;
			defaultConfigurationName = Release;
		};
		7BF1C1612AACD2FC006A81E5 /* Build configuration list for PBXNativeTarget "LandmarksTests" */ = {
			isa = XCConfigurationList;
			buildConfigurations = (
				7BF1C1622AACD2FC006A81E5 /* Debug */,
				7BF1C1632AACD2FC006A81E5 /* Release */,
			);
			defaultConfigurationIsVisible = 0;
			defaultConfigurationName = Release;
		};
		7BF1C1642AACD2FC006A81E5 /* Build configuration list for PBXNativeTarget "LandmarksUITests" */ = {
			isa = XCConfigurationList;
			buildConfigurations = (
				7BF1C1652AACD2FC006A81E5 /* Debug */,
				7BF1C1662AACD2FC006A81E5 /* Release */,
			);
			defaultConfigurationIsVisible = 0;
			defaultConfigurationName = Release;
		};
/* End XCConfigurationList section */
	};
	rootObject = 7BF1C1322AACD2FB006A81E5 /* Project object */;
}
